
Microsoft Visual Studio Solution File, Format Version 12.00
# Visual Studio Version 16
VisualStudioVersion = 16.0.30204.135
MinimumVisualStudioVersion = 15.0.26124.0
Project("{9A19103F-16F7-4668-BE54-9A1E7A4F7556}") = "pamela-project0.Library", "pamela-project0.Library\pamela-project0.Library.csproj", "{C7DDDB3D-2CEB-4468-AB80-6707B70A86C5}"
EndProject
Project("{FAE04EC0-301F-11D3-BF4B-00C04F79EFBC}") = "pamela-project0.ConsoleApp", "pamela-project0.ConsoleApp\pamela-project0.ConsoleApp.csproj", "{7D772926-CB4B-49B6-BAB7-D651E67AD009}"
	ProjectSection(ProjectDependencies) = postProject
		{C7DDDB3D-2CEB-4468-AB80-6707B70A86C5} = {C7DDDB3D-2CEB-4468-AB80-6707B70A86C5}
	EndProjectSection
EndProject
Global
	GlobalSection(SolutionConfigurationPlatforms) = preSolution
		Debug|Any CPU = Debug|Any CPU
		Debug|x64 = Debug|x64
		Debug|x86 = Debug|x86
		Release|Any CPU = Release|Any CPU
		Release|x64 = Release|x64
		Release|x86 = Release|x86
	EndGlobalSection
	GlobalSection(ProjectConfigurationPlatforms) = postSolution
		{C7DDDB3D-2CEB-4468-AB80-6707B70A86C5}.Debug|Any CPU.ActiveCfg = Debug|Any CPU
		{C7DDDB3D-2CEB-4468-AB80-6707B70A86C5}.Debug|Any CPU.Build.0 = Debug|Any CPU
		{C7DDDB3D-2CEB-4468-AB80-6707B70A86C5}.Debug|x64.ActiveCfg = Debug|Any CPU
		{C7DDDB3D-2CEB-4468-AB80-6707B70A86C5}.Debug|x64.Build.0 = Debug|Any CPU
		{C7DDDB3D-2CEB-4468-AB80-6707B70A86C5}.Debug|x86.ActiveCfg = Debug|Any CPU
		{C7DDDB3D-2CEB-4468-AB80-6707B70A86C5}.Debug|x86.Build.0 = Debug|Any CPU
		{C7DDDB3D-2CEB-4468-AB80-6707B70A86C5}.Release|Any CPU.ActiveCfg = Release|Any CPU
		{C7DDDB3D-2CEB-4468-AB80-6707B70A86C5}.Release|Any CPU.Build.0 = Release|Any CPU
		{C7DDDB3D-2CEB-4468-AB80-6707B70A86C5}.Release|x64.ActiveCfg = Release|Any CPU
		{C7DDDB3D-2CEB-4468-AB80-6707B70A86C5}.Release|x64.Build.0 = Release|Any CPU
		{C7DDDB3D-2CEB-4468-AB80-6707B70A86C5}.Release|x86.ActiveCfg = Release|Any CPU
		{C7DDDB3D-2CEB-4468-AB80-6707B70A86C5}.Release|x86.Build.0 = Release|Any CPU
		{7D772926-CB4B-49B6-BAB7-D651E67AD009}.Debug|Any CPU.ActiveCfg = Debug|Any CPU
		{7D772926-CB4B-49B6-BAB7-D651E67AD009}.Debug|Any CPU.Build.0 = Debug|Any CPU
		{7D772926-CB4B-49B6-BAB7-D651E67AD009}.Debug|x64.ActiveCfg = Debug|Any CPU
		{7D772926-CB4B-49B6-BAB7-D651E67AD009}.Debug|x64.Build.0 = Debug|Any CPU
		{7D772926-CB4B-49B6-BAB7-D651E67AD009}.Debug|x86.ActiveCfg = Debug|Any CPU
		{7D772926-CB4B-49B6-BAB7-D651E67AD009}.Debug|x86.Build.0 = Debug|Any CPU
		{7D772926-CB4B-49B6-BAB7-D651E67AD009}.Release|Any CPU.ActiveCfg = Release|Any CPU
		{7D772926-CB4B-49B6-BAB7-D651E67AD009}.Release|Any CPU.Build.0 = Release|Any CPU
		{7D772926-CB4B-49B6-BAB7-D651E67AD009}.Release|x64.ActiveCfg = Release|Any CPU
		{7D772926-CB4B-49B6-BAB7-D651E67AD009}.Release|x64.Build.0 = Release|Any CPU
		{7D772926-CB4B-49B6-BAB7-D651E67AD009}.Release|x86.ActiveCfg = Release|Any CPU
		{7D772926-CB4B-49B6-BAB7-D651E67AD009}.Release|x86.Build.0 = Release|Any CPU
	EndGlobalSection
	GlobalSection(SolutionProperties) = preSolution
		HideSolutionNode = FALSE
	EndGlobalSection
	GlobalSection(ExtensibilityGlobals) = postSolution
		SolutionGuid = {80E2D22E-E0F3-4E06-86F4-0163B86B206E}
	EndGlobalSection
EndGlobal
